// !$*UTF8*$!
{
	archiveVersion = 1;
	classes = {
	};
	objectVersion = 50;
	objects = {

/* Begin PBXBuildFile section */
		4A54CB6E23095CC900C9CB4E /* AlertService.swift in Sources */ = {isa = PBXBuildFile; fileRef = 4A54CB6D23095CC900C9CB4E /* AlertService.swift */; };
		4A952E00230A1D1200C5706D /* NotificationImageTypes.swift in Sources */ = {isa = PBXBuildFile; fileRef = 4A952DFF230A1D1200C5706D /* NotificationImageTypes.swift */; };
		4A952E02230A226400C5706D /* NotificationActionTypes.swift in Sources */ = {isa = PBXBuildFile; fileRef = 4A952E01230A226400C5706D /* NotificationActionTypes.swift */; };
		4A952E04230A243900C5706D /* NotificationCategories.swift in Sources */ = {isa = PBXBuildFile; fileRef = 4A952E03230A243900C5706D /* NotificationCategories.swift */; };
		4AA7F9182309EF4C00DD3A6D /* CLService.swift in Sources */ = {isa = PBXBuildFile; fileRef = 4AA7F9172309EF4C00DD3A6D /* CLService.swift */; };
		4AC81B40230232C3007C7C94 /* AppDelegate.swift in Sources */ = {isa = PBXBuildFile; fileRef = 4AC81B3F230232C3007C7C94 /* AppDelegate.swift */; };
		4AC81B42230232C3007C7C94 /* ViewController.swift in Sources */ = {isa = PBXBuildFile; fileRef = 4AC81B41230232C3007C7C94 /* ViewController.swift */; };
		4AC81B45230232C3007C7C94 /* Main.storyboard in Resources */ = {isa = PBXBuildFile; fileRef = 4AC81B43230232C3007C7C94 /* Main.storyboard */; };
		4AC81B47230232C5007C7C94 /* Assets.xcassets in Resources */ = {isa = PBXBuildFile; fileRef = 4AC81B46230232C5007C7C94 /* Assets.xcassets */; };
		4AC81B4A230232C5007C7C94 /* LaunchScreen.storyboard in Resources */ = {isa = PBXBuildFile; fileRef = 4AC81B48230232C5007C7C94 /* LaunchScreen.storyboard */; };
		4AC81B552302355D007C7C94 /* ShadowView.swift in Sources */ = {isa = PBXBuildFile; fileRef = 4AC81B542302355D007C7C94 /* ShadowView.swift */; };
		4AC81B5C230239EC007C7C94 /* TimerAlert.png in Resources */ = {isa = PBXBuildFile; fileRef = 4AC81B59230239EC007C7C94 /* TimerAlert.png */; };
		4AC81B5D230239EC007C7C94 /* LocationAlert.png in Resources */ = {isa = PBXBuildFile; fileRef = 4AC81B5A230239EC007C7C94 /* LocationAlert.png */; };
		4AC81B5E230239EC007C7C94 /* DateAlert.png in Resources */ = {isa = PBXBuildFile; fileRef = 4AC81B5B230239EC007C7C94 /* DateAlert.png */; };
		4AC81B6223023C7F007C7C94 /* UNService.swift in Sources */ = {isa = PBXBuildFile; fileRef = 4AC81B6123023C7F007C7C94 /* UNService.swift */; };
/* End PBXBuildFile section */

/* Begin PBXFileReference section */
		4A54CB6D23095CC900C9CB4E /* AlertService.swift */ = {isa = PBXFileReference; lastKnownFileType = sourcecode.swift; path = AlertService.swift; sourceTree = "<group>"; };
		4A952DFF230A1D1200C5706D /* NotificationImageTypes.swift */ = {isa = PBXFileReference; lastKnownFileType = sourcecode.swift; path = NotificationImageTypes.swift; sourceTree = "<group>"; };
		4A952E01230A226400C5706D /* NotificationActionTypes.swift */ = {isa = PBXFileReference; lastKnownFileType = sourcecode.swift; path = NotificationActionTypes.swift; sourceTree = "<group>"; };
		4A952E03230A243900C5706D /* NotificationCategories.swift */ = {isa = PBXFileReference; lastKnownFileType = sourcecode.swift; path = NotificationCategories.swift; sourceTree = "<group>"; };
		4AA7F9172309EF4C00DD3A6D /* CLService.swift */ = {isa = PBXFileReference; lastKnownFileType = sourcecode.swift; path = CLService.swift; sourceTree = "<group>"; };
		4AC81B3C230232C3007C7C94 /* Notification01.app */ = {isa = PBXFileReference; explicitFileType = wrapper.application; includeInIndex = 0; path = Notification01.app; sourceTree = BUILT_PRODUCTS_DIR; };
		4AC81B3F230232C3007C7C94 /* AppDelegate.swift */ = {isa = PBXFileReference; lastKnownFileType = sourcecode.swift; path = AppDelegate.swift; sourceTree = "<group>"; };
		4AC81B41230232C3007C7C94 /* ViewController.swift */ = {isa = PBXFileReference; lastKnownFileType = sourcecode.swift; path = ViewController.swift; sourceTree = "<group>"; };
		4AC81B44230232C3007C7C94 /* Base */ = {isa = PBXFileReference; lastKnownFileType = file.storyboard; name = Base; path = Base.lproj/Main.storyboard; sourceTree = "<group>"; };
		4AC81B46230232C5007C7C94 /* Assets.xcassets */ = {isa = PBXFileReference; lastKnownFileType = folder.assetcatalog; path = Assets.xcassets; sourceTree = "<group>"; };
		4AC81B49230232C5007C7C94 /* Base */ = {isa = PBXFileReference; lastKnownFileType = file.storyboard; name = Base; path = Base.lproj/LaunchScreen.storyboard; sourceTree = "<group>"; };
		4AC81B4B230232C5007C7C94 /* Info.plist */ = {isa = PBXFileReference; lastKnownFileType = text.plist.xml; path = Info.plist; sourceTree = "<group>"; };
		4AC81B542302355D007C7C94 /* ShadowView.swift */ = {isa = PBXFileReference; lastKnownFileType = sourcecode.swift; path = ShadowView.swift; sourceTree = "<group>"; };
		4AC81B59230239EC007C7C94 /* TimerAlert.png */ = {isa = PBXFileReference; lastKnownFileType = image.png; path = TimerAlert.png; sourceTree = "<group>"; };
		4AC81B5A230239EC007C7C94 /* LocationAlert.png */ = {isa = PBXFileReference; lastKnownFileType = image.png; path = LocationAlert.png; sourceTree = "<group>"; };
		4AC81B5B230239EC007C7C94 /* DateAlert.png */ = {isa = PBXFileReference; lastKnownFileType = image.png; path = DateAlert.png; sourceTree = "<group>"; };
		4AC81B6123023C7F007C7C94 /* UNService.swift */ = {isa = PBXFileReference; lastKnownFileType = sourcecode.swift; path = UNService.swift; sourceTree = "<group>"; };
/* End PBXFileReference section */

/* Begin PBXFrameworksBuildPhase section */
		4AC81B39230232C3007C7C94 /* Frameworks */ = {
			isa = PBXFrameworksBuildPhase;
			buildActionMask = 2147483647;
			files = (
			);
			runOnlyForDeploymentPostprocessing = 0;
		};
/* End PBXFrameworksBuildPhase section */

/* Begin PBXGroup section */
		4AC81B33230232C3007C7C94 = {
			isa = PBXGroup;
			children = (
				4AC81B3E230232C3007C7C94 /* Notification01 */,
				4AC81B3D230232C3007C7C94 /* Products */,
			);
			sourceTree = "<group>";
		};
		4AC81B3D230232C3007C7C94 /* Products */ = {
			isa = PBXGroup;
			children = (
				4AC81B3C230232C3007C7C94 /* Notification01.app */,
			);
			name = Products;
			sourceTree = "<group>";
		};
		4AC81B3E230232C3007C7C94 /* Notification01 */ = {
			isa = PBXGroup;
			children = (
				4AC81B4B230232C5007C7C94 /* Info.plist */,
				4AC81B51230232D5007C7C94 /* Model */,
				4AC81B52230232E2007C7C94 /* View */,
				4AC81B5323023306007C7C94 /* Controller */,
			);
			path = Notification01;
			sourceTree = "<group>";
		};
		4AC81B51230232D5007C7C94 /* Model */ = {
			isa = PBXGroup;
			children = (
				4A952DFF230A1D1200C5706D /* NotificationImageTypes.swift */,
				4A952E03230A243900C5706D /* NotificationCategories.swift */,
				4A952E01230A226400C5706D /* NotificationActionTypes.swift */,
			);
			path = Model;
			sourceTree = "<group>";
		};
		4AC81B52230232E2007C7C94 /* View */ = {
			isa = PBXGroup;
			children = (
				4AC81B58230239C3007C7C94 /* Assets */,
				4AC81B572302356F007C7C94 /* Storyboards */,
				4AC81B5623023563007C7C94 /* Effects */,
			);
			path = View;
			sourceTree = "<group>";
		};
		4AC81B5323023306007C7C94 /* Controller */ = {
			isa = PBXGroup;
			children = (
				4AC81B6023023C5C007C7C94 /* Services */,
				4AC81B3F230232C3007C7C94 /* AppDelegate.swift */,
				4AC81B41230232C3007C7C94 /* ViewController.swift */,
			);
			path = Controller;
			sourceTree = "<group>";
		};
		4AC81B5623023563007C7C94 /* Effects */ = {
			isa = PBXGroup;
			children = (
				4AC81B542302355D007C7C94 /* ShadowView.swift */,
			);
			path = Effects;
			sourceTree = "<group>";
		};
		4AC81B572302356F007C7C94 /* Storyboards */ = {
			isa = PBXGroup;
			children = (
				4AC81B43230232C3007C7C94 /* Main.storyboard */,
				4AC81B48230232C5007C7C94 /* LaunchScreen.storyboard */,
			);
			path = Storyboards;
			sourceTree = "<group>";
		};
		4AC81B58230239C3007C7C94 /* Assets */ = {
			isa = PBXGroup;
			children = (
				4AC81B46230232C5007C7C94 /* Assets.xcassets */,
				4AC81B5F230239FC007C7C94 /* Notification */,
			);
			path = Assets;
			sourceTree = "<group>";
		};
		4AC81B5F230239FC007C7C94 /* Notification */ = {
			isa = PBXGroup;
			children = (
				4AC81B5B230239EC007C7C94 /* DateAlert.png */,
				4AC81B5A230239EC007C7C94 /* LocationAlert.png */,
				4AC81B59230239EC007C7C94 /* TimerAlert.png */,
			);
			path = Notification;
			sourceTree = "<group>";
		};
		4AC81B6023023C5C007C7C94 /* Services */ = {
			isa = PBXGroup;
			children = (
				4AC81B6123023C7F007C7C94 /* UNService.swift */,
				4A54CB6D23095CC900C9CB4E /* AlertService.swift */,
				4AA7F9172309EF4C00DD3A6D /* CLService.swift */,
			);
			path = Services;
			sourceTree = "<group>";
		};
/* End PBXGroup section */

/* Begin PBXNativeTarget section */
		4AC81B3B230232C3007C7C94 /* Notification01 */ = {
			isa = PBXNativeTarget;
			buildConfigurationList = 4AC81B4E230232C5007C7C94 /* Build configuration list for PBXNativeTarget "Notification01" */;
			buildPhases = (
				4AC81B38230232C3007C7C94 /* Sources */,
				4AC81B39230232C3007C7C94 /* Frameworks */,
				4AC81B3A230232C3007C7C94 /* Resources */,
			);
			buildRules = (
			);
			dependencies = (
			);
			name = Notification01;
			productName = Notification01;
			productReference = 4AC81B3C230232C3007C7C94 /* Notification01.app */;
			productType = "com.apple.product-type.application";
		};
/* End PBXNativeTarget section */

/* Begin PBXProject section */
		4AC81B34230232C3007C7C94 /* Project object */ = {
			isa = PBXProject;
			attributes = {
				LastSwiftUpdateCheck = 1030;
				LastUpgradeCheck = 1030;
				ORGANIZATIONNAME = "R. Kukuh";
				TargetAttributes = {
					4AC81B3B230232C3007C7C94 = {
						CreatedOnToolsVersion = 10.3;
					};
				};
			};
			buildConfigurationList = 4AC81B37230232C3007C7C94 /* Build configuration list for PBXProject "Notification01" */;
			compatibilityVersion = "Xcode 9.3";
			developmentRegion = en;
			hasScannedForEncodings = 0;
			knownRegions = (
				en,
				Base,
			);
			mainGroup = 4AC81B33230232C3007C7C94;
			productRefGroup = 4AC81B3D230232C3007C7C94 /* Products */;
			projectDirPath = "";
			projectRoot = "";
			targets = (
				4AC81B3B230232C3007C7C94 /* Notification01 */,
			);
		};
/* End PBXProject section */

/* Begin PBXResourcesBuildPhase section */
		4AC81B3A230232C3007C7C94 /* Resources */ = {
			isa = PBXResourcesBuildPhase;
			buildActionMask = 2147483647;
			files = (
				4AC81B4A230232C5007C7C94 /* LaunchScreen.storyboard in Resources */,
				4AC81B47230232C5007C7C94 /* Assets.xcassets in Resources */,
				4AC81B5D230239EC007C7C94 /* LocationAlert.png in Resources */,
				4AC81B45230232C3007C7C94 /* Main.storyboard in Resources */,
				4AC81B5E230239EC007C7C94 /* DateAlert.png in Resources */,
				4AC81B5C230239EC007C7C94 /* TimerAlert.png in Resources */,
			);
			runOnlyForDeploymentPostprocessing = 0;
		};
/* End PBXResourcesBuildPhase section */

/* Begin PBXSourcesBuildPhase section */
		4AC81B38230232C3007C7C94 /* Sources */ = {
			isa = PBXSourcesBuildPhase;
			buildActionMask = 2147483647;
			files = (
				4A952E00230A1D1200C5706D /* NotificationImageTypes.swift in Sources */,
				4AA7F9182309EF4C00DD3A6D /* CLService.swift in Sources */,
				4A952E02230A226400C5706D /* NotificationActionTypes.swift in Sources */,
				4AC81B552302355D007C7C94 /* ShadowView.swift in Sources */,
				4AC81B42230232C3007C7C94 /* ViewController.swift in Sources */,
				4AC81B6223023C7F007C7C94 /* UNService.swift in Sources */,
				4AC81B40230232C3007C7C94 /* AppDelegate.swift in Sources */,
				4A54CB6E23095CC900C9CB4E /* AlertService.swift in Sources */,
				4A952E04230A243900C5706D /* NotificationCategories.swift in Sources */,
			);
			runOnlyForDeploymentPostprocessing = 0;
		};
/* End PBXSourcesBuildPhase section */

/* Begin PBXVariantGroup section */
		4AC81B43230232C3007C7C94 /* Main.storyboard */ = {
			isa = PBXVariantGroup;
			children = (
				4AC81B44230232C3007C7C94 /* Base */,
			);
			name = Main.storyboard;
			sourceTree = "<group>";
		};
		4AC81B48230232C5007C7C94 /* LaunchScreen.storyboard */ = {
			isa = PBXVariantGroup;
			children = (
				4AC81B49230232C5007C7C94 /* Base */,
			);
			name = LaunchScreen.storyboard;
			sourceTree = "<group>";
		};
/* End PBXVariantGroup section */

/* Begin XCBuildConfiguration section */
		4AC81B4C230232C5007C7C94 /* Debug */ = {
			isa = XCBuildConfiguration;
			buildSettings = {
				ALWAYS_SEARCH_USER_PATHS = NO;
				CLANG_ANALYZER_NONNULL = YES;
				CLANG_ANALYZER_NUMBER_OBJECT_CONVERSION = YES_AGGRESSIVE;
				CLANG_CXX_LANGUAGE_STANDARD = "gnu++14";
				CLANG_CXX_LIBRARY = "libc++";
				CLANG_ENABLE_MODULES = YES;
				CLANG_ENABLE_OBJC_ARC = YES;
				CLANG_ENABLE_OBJC_WEAK = YES;
				CLANG_WARN_BLOCK_CAPTURE_AUTORELEASING = YES;
				CLANG_WARN_BOOL_CONVERSION = YES;
				CLANG_WARN_COMMA = YES;
				CLANG_WARN_CONSTANT_CONVERSION = YES;
				CLANG_WARN_DEPRECATED_OBJC_IMPLEMENTATIONS = YES;
				CLANG_WARN_DIRECT_OBJC_ISA_USAGE = YES_ERROR;
				CLANG_WARN_DOCUMENTATION_COMMENTS = YES;
				CLANG_WARN_EMPTY_BODY = YES;
				CLANG_WARN_ENUM_CONVERSION = YES;
				CLANG_WARN_INFINITE_RECURSION = YES;
				CLANG_WARN_INT_CONVERSION = YES;
				CLANG_WARN_NON_LITERAL_NULL_CONVERSION = YES;
				CLANG_WARN_OBJC_IMPLICIT_RETAIN_SELF = YES;
				CLANG_WARN_OBJC_LITERAL_CONVERSION = YES;
				CLANG_WARN_OBJC_ROOT_CLASS = YES_ERROR;
				CLANG_WARN_RANGE_LOOP_ANALYSIS = YES;
				CLANG_WARN_STRICT_PROTOTYPES = YES;
				CLANG_WARN_SUSPICIOUS_MOVE = YES;
				CLANG_WARN_UNGUARDED_AVAILABILITY = YES_AGGRESSIVE;
				CLANG_WARN_UNREACHABLE_CODE = YES;
				CLANG_WARN__DUPLICATE_METHOD_MATCH = YES;
				CODE_SIGN_IDENTITY = "iPhone Developer";
				COPY_PHASE_STRIP = NO;
				DEBUG_INFORMATION_FORMAT = dwarf;
				ENABLE_STRICT_OBJC_MSGSEND = YES;
				ENABLE_TESTABILITY = YES;
				GCC_C_LANGUAGE_STANDARD = gnu11;
				GCC_DYNAMIC_NO_PIC = NO;
				GCC_NO_COMMON_BLOCKS = YES;
				GCC_OPTIMIZATION_LEVEL = 0;
				GCC_PREPROCESSOR_DEFINITIONS = (
					"DEBUG=1",
					"$(inherited)",
				);
				GCC_WARN_64_TO_32_BIT_CONVERSION = YES;
				GCC_WARN_ABOUT_RETURN_TYPE = YES_ERROR;
				GCC_WARN_UNDECLARED_SELECTOR = YES;
				GCC_WARN_UNINITIALIZED_AUTOS = YES_AGGRESSIVE;
				GCC_WARN_UNUSED_FUNCTION = YES;
				GCC_WARN_UNUSED_VARIABLE = YES;
				IPHONEOS_DEPLOYMENT_TARGET = 12.4;
				MTL_ENABLE_DEBUG_INFO = INCLUDE_SOURCE;
				MTL_FAST_MATH = YES;
				ONLY_ACTIVE_ARCH = YES;
				SDKROOT = iphoneos;
				SWIFT_ACTIVE_COMPILATION_CONDITIONS = DEBUG;
				SWIFT_OPTIMIZATION_LEVEL = "-Onone";
			};
			name = Debug;
		};
		4AC81B4D230232C5007C7C94 /* Release */ = {
			isa = XCBuildConfiguration;
			buildSettings = {
				ALWAYS_SEARCH_USER_PATHS = NO;
				CLANG_ANALYZER_NONNULL = YES;
				CLANG_ANALYZER_NUMBER_OBJECT_CONVERSION = YES_AGGRESSIVE;
				CLANG_CXX_LANGUAGE_STANDARD = "gnu++14";
				CLANG_CXX_LIBRARY = "libc++";
				CLANG_ENABLE_MODULES = YES;
				CLANG_ENABLE_OBJC_ARC = YES;
				CLANG_ENABLE_OBJC_WEAK = YES;
				CLANG_WARN_BLOCK_CAPTURE_AUTORELEASING = YES;
				CLANG_WARN_BOOL_CONVERSION = YES;
				CLANG_WARN_COMMA = YES;
				CLANG_WARN_CONSTANT_CONVERSION = YES;
				CLANG_WARN_DEPRECATED_OBJC_IMPLEMENTATIONS = YES;
				CLANG_WARN_DIRECT_OBJC_ISA_USAGE = YES_ERROR;
				CLANG_WARN_DOCUMENTATION_COMMENTS = YES;
				CLANG_WARN_EMPTY_BODY = YES;
				CLANG_WARN_ENUM_CONVERSION = YES;
				CLANG_WARN_INFINITE_RECURSION = YES;
				CLANG_WARN_INT_CONVERSION = YES;
				CLANG_WARN_NON_LITERAL_NULL_CONVERSION = YES;
				CLANG_WARN_OBJC_IMPLICIT_RETAIN_SELF = YES;
				CLANG_WARN_OBJC_LITERAL_CONVERSION = YES;
				CLANG_WARN_OBJC_ROOT_CLASS = YES_ERROR;
				CLANG_WARN_RANGE_LOOP_ANALYSIS = YES;
				CLANG_WARN_STRICT_PROTOTYPES = YES;
				CLANG_WARN_SUSPICIOUS_MOVE = YES;
				CLANG_WARN_UNGUARDED_AVAILABILITY = YES_AGGRESSIVE;
				CLANG_WARN_UNREACHABLE_CODE = YES;
				CLANG_WARN__DUPLICATE_METHOD_MATCH = YES;
				CODE_SIGN_IDENTITY = "iPhone Developer";
				COPY_PHASE_STRIP = NO;
				DEBUG_INFORMATION_FORMAT = "dwarf-with-dsym";
				ENABLE_NS_ASSERTIONS = NO;
				ENABLE_STRICT_OBJC_MSGSEND = YES;
				GCC_C_LANGUAGE_STANDARD = gnu11;
				GCC_NO_COMMON_BLOCKS = YES;
				GCC_WARN_64_TO_32_BIT_CONVERSION = YES;
				GCC_WARN_ABOUT_RETURN_TYPE = YES_ERROR;
				GCC_WARN_UNDECLARED_SELECTOR = YES;
				GCC_WARN_UNINITIALIZED_AUTOS = YES_AGGRESSIVE;
				GCC_WARN_UNUSED_FUNCTION = YES;
				GCC_WARN_UNUSED_VARIABLE = YES;
				IPHONEOS_DEPLOYMENT_TARGET = 12.4;
				MTL_ENABLE_DEBUG_INFO = NO;
				MTL_FAST_MATH = YES;
				SDKROOT = iphoneos;
				SWIFT_COMPILATION_MODE = wholemodule;
				SWIFT_OPTIMIZATION_LEVEL = "-O";
				VALIDATE_PRODUCT = YES;
			};
			name = Release;
		};
		4AC81B4F230232C5007C7C94 /* Debug */ = {
			isa = XCBuildConfiguration;
			buildSettings = {
				ASSETCATALOG_COMPILER_APPICON_NAME = AppIcon;
				CODE_SIGN_STYLE = Automatic;
				DEVELOPMENT_TEAM = 5NULCBGY98;
				INFOPLIST_FILE = Notification01/Info.plist;
				LD_RUNPATH_SEARCH_PATHS = (
					"$(inherited)",
					"@executable_path/Frameworks",
				);
				PRODUCT_BUNDLE_IDENTIFIER = io.github.rkukuh.Notification01;
				PRODUCT_NAME = "$(TARGET_NAME)";
				SWIFT_VERSION = 5.0;
				TARGETED_DEVICE_FAMILY = 1;
			};
			name = Debug;
		};
		4AC81B50230232C5007C7C94 /* Release */ = {
			isa = XCBuildConfiguration;
			buildSettings = {
				ASSETCATALOG_COMPILER_APPICON_NAME = AppIcon;
				CODE_SIGN_STYLE = Automatic;
				DEVELOPMENT_TEAM = 5NULCBGY98;
				INFOPLIST_FILE = Notification01/Info.plist;
				LD_RUNPATH_SEARCH_PATHS = (
					"$(inherited)",
					"@executable_path/Frameworks",
				);
				PRODUCT_BUNDLE_IDENTIFIER = io.github.rkukuh.Notification01;
				PRODUCT_NAME = "$(TARGET_NAME)";
				SWIFT_VERSION = 5.0;
				TARGETED_DEVICE_FAMILY = 1;
			};
			name = Release;
		};
/* End XCBuildConfiguration section */

/* Begin XCConfigurationList section */
		4AC81B37230232C3007C7C94 /* Build configuration list for PBXProject "Notification01" */ = {
			isa = XCConfigurationList;
			buildConfigurations = (
				4AC81B4C230232C5007C7C94 /* Debug */,
				4AC81B4D230232C5007C7C94 /* Release */,
			);
			defaultConfigurationIsVisible = 0;
			defaultConfigurationName = Release;
		};
		4AC81B4E230232C5007C7C94 /* Build configuration list for PBXNativeTarget "Notification01" */ = {
			isa = XCConfigurationList;
			buildConfigurations = (
				4AC81B4F230232C5007C7C94 /* Debug */,
				4AC81B50230232C5007C7C94 /* Release */,
			);
			defaultConfigurationIsVisible = 0;
			defaultConfigurationName = Release;
		};
/* End XCConfigurationList section */
	};
	rootObject = 4AC81B34230232C3007C7C94 /* Project object */;
}
